
Microsoft Visual Studio Solution File, Format Version 12.00
# Visual Studio Version 17
VisualStudioVersion = 17.4.33205.214
MinimumVisualStudioVersion = 10.0.40219.1
Project("{FAE04EC0-301F-11D3-BF4B-00C04F79EFBC}") = "CalendarAPI", "CalendarAPI\CalendarAPI.csproj", "{2098E804-543C-4176-B7E3-2E3AF7DD7EC4}"
EndProject
Global
	GlobalSection(SolutionConfigurationPlatforms) = preSolution
		Debug|Any CPU = Debug|Any CPU
		Release|Any CPU = Release|Any CPU
	EndGlobalSection
	GlobalSection(ProjectConfigurationPlatforms) = postSolution
		{2098E804-543C-4176-B7E3-2E3AF7DD7EC4}.Debug|Any CPU.ActiveCfg = Debug|Any CPU
		{2098E804-543C-4176-B7E3-2E3AF7DD7EC4}.Debug|Any CPU.Build.0 = Debug|Any CPU
		{2098E804-543C-4176-B7E3-2E3AF7DD7EC4}.Release|Any CPU.ActiveCfg = Release|Any CPU
		{2098E804-543C-4176-B7E3-2E3AF7DD7EC4}.Release|Any CPU.Build.0 = Release|Any CPU
	EndGlobalSection
	GlobalSection(SolutionProperties) = preSolution
		HideSolutionNode = FALSE
	EndGlobalSection
	GlobalSection(ExtensibilityGlobals) = postSolution
		SolutionGuid = {C342561F-59EE-4786-9D96-8E5890A04732}
	EndGlobalSection
EndGlobal
